
Microsoft Visual Studio Solution File, Format Version 12.00
# Visual Studio Version 17
VisualStudioVersion = 17.11.35222.181
MinimumVisualStudioVersion = 10.0.40219.1
Project("{FAE04EC0-301F-11D3-BF4B-00C04F79EFBC}") = "CertificatesManagerApi", "CertificatesManagerApi\CertificatesManagerApi.csproj", "{BFD70CBA-EB47-46F5-A30D-7F57BE3EA03D}"
EndProject
Global
	GlobalSection(SolutionConfigurationPlatforms) = preSolution
		Debug|Any CPU = Debug|Any CPU
		Release|Any CPU = Release|Any CPU
	EndGlobalSection
	GlobalSection(ProjectConfigurationPlatforms) = postSolution
		{BFD70CBA-EB47-46F5-A30D-7F57BE3EA03D}.Debug|Any CPU.ActiveCfg = Debug|Any CPU
		{BFD70CBA-EB47-46F5-A30D-7F57BE3EA03D}.Debug|Any CPU.Build.0 = Debug|Any CPU
		{BFD70CBA-EB47-46F5-A30D-7F57BE3EA03D}.Release|Any CPU.ActiveCfg = Release|Any CPU
		{BFD70CBA-EB47-46F5-A30D-7F57BE3EA03D}.Release|Any CPU.Build.0 = Release|Any CPU
	EndGlobalSection
	GlobalSection(SolutionProperties) = preSolution
		HideSolutionNode = FALSE
	EndGlobalSection
	GlobalSection(ExtensibilityGlobals) = postSolution
		SolutionGuid = {DA7A5989-AACB-400D-A9A1-CC777333F1C6}
	EndGlobalSection
EndGlobal
